{
  "name": "pi-sdk-rest",
  "version": "1.0.0",
  "lockfileVersion": 3,
  "requires": true,
  "packages": {
    "": {
      "name": "pi-sdk-test",
      "version": "1.0.0",
      "dependencies": {
        "@stellar/stellar-sdk": "^12.3.0",
        "keypair": "^1.0.1",
        "next": "^14.2.35",
        "node-fetch": "^2.7.0",
        "pi-sdk": "^0.0.16",
        "react": "^18.3.1",
        "react-dom": "^18.3.1"
      }
    },
    "node_modules/@next/env": {
      "version": "14.2.35",
      "resolved": "https://registry.npmjs.org/@next/env/-/env-14.2.35.tgz",
      "integrity": "sha512-DuhvCtj4t9Gwrx80dmz2F4t/zKQ4ktN8WrMwOuVzkJfBilwAwGr6v16M5eI8yCuZ63H9TTuEU09Iu2HqkzFPVQ==",
      "license": "MIT"
    },
    "node_modules/@stellar/js-xdr": {
      "version": "3.1.2",
      "resolved": "https://registry.npmjs.org/@stellar/js-xdr/-/js-xdr-3.1.2.tgz",
      "integrity": "sha512-VVolPL5goVEIsvuGqDc5uiKxV03lzfWdvYg1KikvwheDmTBO68CKDji3bAZ/kppZrx5iTA8z3Ld5yuytcvhvOQ==",
      "license": "Apache-2.0"
    },
    "node_modules/@stellar/stellar-base": {
      "version": "12.1.1",
      "resolved": "https://registry.npmjs.org/@stellar/stellar-base/-/stellar-base-12.1.1.tgz",
      "integrity": "sha512-gOBSOFDepihslcInlqnxKZdIW9dMUO1tpOm3AtJR33K2OvpXG6SaVHCzAmCFArcCqI9zXTEiSoh70T48TmiHJA==",
      "license": "Apache-2.0",
      "dependencies": {
        "@stellar/js-xdr": "^3.1.2",
        "base32.js": "^0.1.0",
        "bignumber.js": "^9.1.2",
        "buffer": "^6.0.3",
        "sha.js": "^2.3.6",
        "tweetnacl": "^1.0.3"
      }
    },
    "node_modules/@stellar/stellar-sdk": {
      "version": "12.3.0",
      "resolved": "https://registry.npmjs.org/@stellar/stellar-sdk/-/stellar-sdk-12.3.0.tgz",
      "integrity": "sha512-F2DYFop/M5ffXF0lvV5Ezjk+VWNKg0QDX8gNhwehVU3y5LYA3WAY6VcCarMGPaG9Wdgoeh1IXXzOautpqpsltw==",
      "license": "Apache-2.0",
      "dependencies": {
        "@stellar/stellar-base": "^12.1.1",
        "axios": "^1.7.7",
        "bignumber.js": "^9.1.2",
        "eventsource": "^2.0.2",
        "randombytes": "^2.1.0",
        "toml": "^3.0.0",
        "urijs": "^1.19.1"
      }
    },
    "node_modules/axios": {
      "version": "1.7.7",
      "resolved": "https://registry.npmjs.org/axios/-/axios-1.7.7.tgz",
      "integrity": "sha512-VPk9ebNqPcy5lRGuSlKx752IlDatOjT9paPlm8A7yOuW2Fbvp4X3JznJtT4f0GzGLLiWE9W8onz51SqLYwzGaA==",
      "license": "MIT"
    },
    "node_modules/next": {
      "version": "14.2.35",
      "license": "MIT",
      "dependencies": {
        "@next/env": "14.2.35",
        "react": "^18.3.1",
        "react-dom": "^18.3.1"
      }
    },
    "node_modules/pi-sdk": {
      "version": "0.0.16",
      "resolved": "https://registry.npmjs.org/pi-sdk/-/pi-sdk-0.0.16.tgz",
      "integrity": "sha512-xngL5wQgA7gYJ0ygCCIMeoCBy716fl1QiLYv8XZDowRo3ATwlZ+0AgtvNkW8SEg6TFcw41yzEjUzX2QxXFeMMw==",
      "license": "ISC"
    },
    "node_modules/react": {
      "version": "18.3.1",
      "license": "MIT"
    },
    "node_modules/react-dom": {
      "version": "18.3.1",
      "license": "MIT"
    }
  }
}