{
  "name": "pi-sdk-test",
  "version": "1.0.0",
  "description": "PI-SDK-TEST",
  "main": "index.js",
  "scripts": {
    "dev": "next dev",
    "build": "next build",
    "start": "next start",
    "lint": "next lint"
  },
  "keywords": [],
  "author": "Eunhasu",
  "license": "ISC",
  "dependencies": {
    "@stellar/stellar-sdk": "^12.3.0",
    "framer-motion": "^11.0.0",
    "keypair": "^1.0.1",
    "next": "^14.2.35",
    "node-fetch": "^2.7.0",
    "pi-sdk": "^0.0.16",
    "react": "^18.3.1",
    "react-dom": "^18.3.1",
    "lucide-react": "^0.300.0"
  },
  "devDependencies": {
    "@types/node": "^20.0.0",
    "@types/react": "^18.2.0",
    "@types/react-dom": "^18.2.0",
    "autoprefixer": "^10.0.1",
    "postcss": "^8.4.31",
    "tailwindcss": "^3.4.1",
    "typescript": "^5.0.0"
  }
}